
Microsoft Visual Studio Solution File, Format Version 12.00
# Visual Studio Version 17
VisualStudioVersion = 17.0.31903.59
MinimumVisualStudioVersion = 10.0.40219.1
Project("{2150E333-8FDC-42A3-9474-1A3956D46DE8}") = "src", "src", "{827E0CD3-B72D-47B6-A68D-7590B98EB39B}"
EndProject
Project("{2150E333-8FDC-42A3-9474-1A3956D46DE8}") = "Services", "Services", "{984BB9B3-3FA3-BE33-9484-CAC21695A33C}"
EndProject
Project("{2150E333-8FDC-42A3-9474-1A3956D46DE8}") = "BookService", "BookService", "{A480F0B9-1347-B38A-BE03-9D9674819676}"
EndProject
Project("{FAE04EC0-301F-11D3-BF4B-00C04F79EFBC}") = "LBR.BookService.Domain", "src\Services\BookService\LBR.BookService.Domain\LBR.BookService.Domain.csproj", "{247888CA-C9EF-4C08-A6CC-9A55EA65292E}"
EndProject
Project("{FAE04EC0-301F-11D3-BF4B-00C04F79EFBC}") = "LBR.BookService.Application", "src\Services\BookService\LBR.BookService.Application\LBR.BookService.Application.csproj", "{F608E638-6DD5-4E1C-A8BF-59936A04D0F8}"
EndProject
Project("{FAE04EC0-301F-11D3-BF4B-00C04F79EFBC}") = "LBR.BookService.Infrastructure", "src\Services\BookService\LBR.BookService.Infrastructure\LBR.BookService.Infrastructure.csproj", "{A94A188D-FD7A-46D1-B2D1-F0AE85C6D63C}"
EndProject
Project("{FAE04EC0-301F-11D3-BF4B-00C04F79EFBC}") = "LBR.BookService.API", "src\Services\BookService\LBR.BookService.API\LBR.BookService.API.csproj", "{31AADFEE-0251-4FC8-84EB-FDE6F971621F}"
EndProject
Project("{2150E333-8FDC-42A3-9474-1A3956D46DE8}") = "Shared", "Shared", "{C8E42992-5E42-0C2B-DBFE-AA848D06431C}"
EndProject
Project("{FAE04EC0-301F-11D3-BF4B-00C04F79EFBC}") = "LBR.Shared.Authentication", "src\Shared\LBR.Shared.Authentication\LBR.Shared.Authentication.csproj", "{08A0F39D-4064-4242-863C-0EA3ADBE2346}"
EndProject
Project("{FAE04EC0-301F-11D3-BF4B-00C04F79EFBC}") = "LBR.Shared.Common", "src\Shared\LBR.Shared.Common\LBR.Shared.Common.csproj", "{F14D260A-EE7D-480F-9C52-1C584EA48F25}"
EndProject
Project("{2150E333-8FDC-42A3-9474-1A3956D46DE8}") = "tests", "tests", "{0AB3BF05-4346-4AA6-1389-037BE0695223}"
EndProject
Project("{FAE04EC0-301F-11D3-BF4B-00C04F79EFBC}") = "LBR.BookService.UnitTests", "tests\LBR.BookService.UnitTests\LBR.BookService.UnitTests.csproj", "{A2FFA6CF-7246-4143-B64A-C98041A812FC}"
EndProject
Global
	GlobalSection(SolutionConfigurationPlatforms) = preSolution
		Debug|Any CPU = Debug|Any CPU
		Debug|x64 = Debug|x64
		Debug|x86 = Debug|x86
		Release|Any CPU = Release|Any CPU
		Release|x64 = Release|x64
		Release|x86 = Release|x86
	EndGlobalSection
	GlobalSection(ProjectConfigurationPlatforms) = postSolution
		{247888CA-C9EF-4C08-A6CC-9A55EA65292E}.Debug|Any CPU.ActiveCfg = Debug|Any CPU
		{247888CA-C9EF-4C08-A6CC-9A55EA65292E}.Debug|Any CPU.Build.0 = Debug|Any CPU
		{247888CA-C9EF-4C08-A6CC-9A55EA65292E}.Debug|x64.ActiveCfg = Debug|Any CPU
		{247888CA-C9EF-4C08-A6CC-9A55EA65292E}.Debug|x64.Build.0 = Debug|Any CPU
		{247888CA-C9EF-4C08-A6CC-9A55EA65292E}.Debug|x86.ActiveCfg = Debug|Any CPU
		{247888CA-C9EF-4C08-A6CC-9A55EA65292E}.Debug|x86.Build.0 = Debug|Any CPU
		{247888CA-C9EF-4C08-A6CC-9A55EA65292E}.Release|Any CPU.ActiveCfg = Release|Any CPU
		{247888CA-C9EF-4C08-A6CC-9A55EA65292E}.Release|Any CPU.Build.0 = Release|Any CPU
		{247888CA-C9EF-4C08-A6CC-9A55EA65292E}.Release|x64.ActiveCfg = Release|Any CPU
		{247888CA-C9EF-4C08-A6CC-9A55EA65292E}.Release|x64.Build.0 = Release|Any CPU
		{247888CA-C9EF-4C08-A6CC-9A55EA65292E}.Release|x86.ActiveCfg = Release|Any CPU
		{247888CA-C9EF-4C08-A6CC-9A55EA65292E}.Release|x86.Build.0 = Release|Any CPU
		{F608E638-6DD5-4E1C-A8BF-59936A04D0F8}.Debug|Any CPU.ActiveCfg = Debug|Any CPU
		{F608E638-6DD5-4E1C-A8BF-59936A04D0F8}.Debug|Any CPU.Build.0 = Debug|Any CPU
		{F608E638-6DD5-4E1C-A8BF-59936A04D0F8}.Debug|x64.ActiveCfg = Debug|Any CPU
		{F608E638-6DD5-4E1C-A8BF-59936A04D0F8}.Debug|x64.Build.0 = Debug|Any CPU
		{F608E638-6DD5-4E1C-A8BF-59936A04D0F8}.Debug|x86.ActiveCfg = Debug|Any CPU
		{F608E638-6DD5-4E1C-A8BF-59936A04D0F8}.Debug|x86.Build.0 = Debug|Any CPU
		{F608E638-6DD5-4E1C-A8BF-59936A04D0F8}.Release|Any CPU.ActiveCfg = Release|Any CPU
		{F608E638-6DD5-4E1C-A8BF-59936A04D0F8}.Release|Any CPU.Build.0 = Release|Any CPU
		{F608E638-6DD5-4E1C-A8BF-59936A04D0F8}.Release|x64.ActiveCfg = Release|Any CPU
		{F608E638-6DD5-4E1C-A8BF-59936A04D0F8}.Release|x64.Build.0 = Release|Any CPU
		{F608E638-6DD5-4E1C-A8BF-59936A04D0F8}.Release|x86.ActiveCfg = Release|Any CPU
		{F608E638-6DD5-4E1C-A8BF-59936A04D0F8}.Release|x86.Build.0 = Release|Any CPU
		{A94A188D-FD7A-46D1-B2D1-F0AE85C6D63C}.Debug|Any CPU.ActiveCfg = Debug|Any CPU
		{A94A188D-FD7A-46D1-B2D1-F0AE85C6D63C}.Debug|Any CPU.Build.0 = Debug|Any CPU
		{A94A188D-FD7A-46D1-B2D1-F0AE85C6D63C}.Debug|x64.ActiveCfg = Debug|Any CPU
		{A94A188D-FD7A-46D1-B2D1-F0AE85C6D63C}.Debug|x64.Build.0 = Debug|Any CPU
		{A94A188D-FD7A-46D1-B2D1-F0AE85C6D63C}.Debug|x86.ActiveCfg = Debug|Any CPU
		{A94A188D-FD7A-46D1-B2D1-F0AE85C6D63C}.Debug|x86.Build.0 = Debug|Any CPU
		{A94A188D-FD7A-46D1-B2D1-F0AE85C6D63C}.Release|Any CPU.ActiveCfg = Release|Any CPU
		{A94A188D-FD7A-46D1-B2D1-F0AE85C6D63C}.Release|Any CPU.Build.0 = Release|Any CPU
		{A94A188D-FD7A-46D1-B2D1-F0AE85C6D63C}.Release|x64.ActiveCfg = Release|Any CPU
		{A94A188D-FD7A-46D1-B2D1-F0AE85C6D63C}.Release|x64.Build.0 = Release|Any CPU
		{A94A188D-FD7A-46D1-B2D1-F0AE85C6D63C}.Release|x86.ActiveCfg = Release|Any CPU
		{A94A188D-FD7A-46D1-B2D1-F0AE85C6D63C}.Release|x86.Build.0 = Release|Any CPU
		{31AADFEE-0251-4FC8-84EB-FDE6F971621F}.Debug|Any CPU.ActiveCfg = Debug|Any CPU
		{31AADFEE-0251-4FC8-84EB-FDE6F971621F}.Debug|Any CPU.Build.0 = Debug|Any CPU
		{31AADFEE-0251-4FC8-84EB-FDE6F971621F}.Debug|x64.ActiveCfg = Debug|Any CPU
		{31AADFEE-0251-4FC8-84EB-FDE6F971621F}.Debug|x64.Build.0 = Debug|Any CPU
		{31AADFEE-0251-4FC8-84EB-FDE6F971621F}.Debug|x86.ActiveCfg = Debug|Any CPU
		{31AADFEE-0251-4FC8-84EB-FDE6F971621F}.Debug|x86.Build.0 = Debug|Any CPU
		{31AADFEE-0251-4FC8-84EB-FDE6F971621F}.Release|Any CPU.ActiveCfg = Release|Any CPU
		{31AADFEE-0251-4FC8-84EB-FDE6F971621F}.Release|Any CPU.Build.0 = Release|Any CPU
		{31AADFEE-0251-4FC8-84EB-FDE6F971621F}.Release|x64.ActiveCfg = Release|Any CPU
		{31AADFEE-0251-4FC8-84EB-FDE6F971621F}.Release|x64.Build.0 = Release|Any CPU
		{31AADFEE-0251-4FC8-84EB-FDE6F971621F}.Release|x86.ActiveCfg = Release|Any CPU
		{31AADFEE-0251-4FC8-84EB-FDE6F971621F}.Release|x86.Build.0 = Release|Any CPU
		{08A0F39D-4064-4242-863C-0EA3ADBE2346}.Debug|Any CPU.ActiveCfg = Debug|Any CPU
		{08A0F39D-4064-4242-863C-0EA3ADBE2346}.Debug|Any CPU.Build.0 = Debug|Any CPU
		{08A0F39D-4064-4242-863C-0EA3ADBE2346}.Debug|x64.ActiveCfg = Debug|Any CPU
		{08A0F39D-4064-4242-863C-0EA3ADBE2346}.Debug|x64.Build.0 = Debug|Any CPU
		{08A0F39D-4064-4242-863C-0EA3ADBE2346}.Debug|x86.ActiveCfg = Debug|Any CPU
		{08A0F39D-4064-4242-863C-0EA3ADBE2346}.Debug|x86.Build.0 = Debug|Any CPU
		{08A0F39D-4064-4242-863C-0EA3ADBE2346}.Release|Any CPU.ActiveCfg = Release|Any CPU
		{08A0F39D-4064-4242-863C-0EA3ADBE2346}.Release|Any CPU.Build.0 = Release|Any CPU
		{08A0F39D-4064-4242-863C-0EA3ADBE2346}.Release|x64.ActiveCfg = Release|Any CPU
		{08A0F39D-4064-4242-863C-0EA3ADBE2346}.Release|x64.Build.0 = Release|Any CPU
		{08A0F39D-4064-4242-863C-0EA3ADBE2346}.Release|x86.ActiveCfg = Release|Any CPU
		{08A0F39D-4064-4242-863C-0EA3ADBE2346}.Release|x86.Build.0 = Release|Any CPU
		{F14D260A-EE7D-480F-9C52-1C584EA48F25}.Debug|Any CPU.ActiveCfg = Debug|Any CPU
		{F14D260A-EE7D-480F-9C52-1C584EA48F25}.Debug|Any CPU.Build.0 = Debug|Any CPU
		{F14D260A-EE7D-480F-9C52-1C584EA48F25}.Debug|x64.ActiveCfg = Debug|Any CPU
		{F14D260A-EE7D-480F-9C52-1C584EA48F25}.Debug|x64.Build.0 = Debug|Any CPU
		{F14D260A-EE7D-480F-9C52-1C584EA48F25}.Debug|x86.ActiveCfg = Debug|Any CPU
		{F14D260A-EE7D-480F-9C52-1C584EA48F25}.Debug|x86.Build.0 = Debug|Any CPU
		{F14D260A-EE7D-480F-9C52-1C584EA48F25}.Release|Any CPU.ActiveCfg = Release|Any CPU
		{F14D260A-EE7D-480F-9C52-1C584EA48F25}.Release|Any CPU.Build.0 = Release|Any CPU
		{F14D260A-EE7D-480F-9C52-1C584EA48F25}.Release|x64.ActiveCfg = Release|Any CPU
		{F14D260A-EE7D-480F-9C52-1C584EA48F25}.Release|x64.Build.0 = Release|Any CPU
		{F14D260A-EE7D-480F-9C52-1C584EA48F25}.Release|x86.ActiveCfg = Release|Any CPU
		{F14D260A-EE7D-480F-9C52-1C584EA48F25}.Release|x86.Build.0 = Release|Any CPU
		{A2FFA6CF-7246-4143-B64A-C98041A812FC}.Debug|Any CPU.ActiveCfg = Debug|Any CPU
		{A2FFA6CF-7246-4143-B64A-C98041A812FC}.Debug|Any CPU.Build.0 = Debug|Any CPU
		{A2FFA6CF-7246-4143-B64A-C98041A812FC}.Debug|x64.ActiveCfg = Debug|Any CPU
		{A2FFA6CF-7246-4143-B64A-C98041A812FC}.Debug|x64.Build.0 = Debug|Any CPU
		{A2FFA6CF-7246-4143-B64A-C98041A812FC}.Debug|x86.ActiveCfg = Debug|Any CPU
		{A2FFA6CF-7246-4143-B64A-C98041A812FC}.Debug|x86.Build.0 = Debug|Any CPU
		{A2FFA6CF-7246-4143-B64A-C98041A812FC}.Release|Any CPU.ActiveCfg = Release|Any CPU
		{A2FFA6CF-7246-4143-B64A-C98041A812FC}.Release|Any CPU.Build.0 = Release|Any CPU
		{A2FFA6CF-7246-4143-B64A-C98041A812FC}.Release|x64.ActiveCfg = Release|Any CPU
		{A2FFA6CF-7246-4143-B64A-C98041A812FC}.Release|x64.Build.0 = Release|Any CPU
		{A2FFA6CF-7246-4143-B64A-C98041A812FC}.Release|x86.ActiveCfg = Release|Any CPU
		{A2FFA6CF-7246-4143-B64A-C98041A812FC}.Release|x86.Build.0 = Release|Any CPU
	EndGlobalSection
	GlobalSection(SolutionProperties) = preSolution
		HideSolutionNode = FALSE
	EndGlobalSection
	GlobalSection(NestedProjects) = preSolution
		{984BB9B3-3FA3-BE33-9484-CAC21695A33C} = {827E0CD3-B72D-47B6-A68D-7590B98EB39B}
		{A480F0B9-1347-B38A-BE03-9D9674819676} = {984BB9B3-3FA3-BE33-9484-CAC21695A33C}
		{247888CA-C9EF-4C08-A6CC-9A55EA65292E} = {A480F0B9-1347-B38A-BE03-9D9674819676}
		{F608E638-6DD5-4E1C-A8BF-59936A04D0F8} = {A480F0B9-1347-B38A-BE03-9D9674819676}
		{A94A188D-FD7A-46D1-B2D1-F0AE85C6D63C} = {A480F0B9-1347-B38A-BE03-9D9674819676}
		{31AADFEE-0251-4FC8-84EB-FDE6F971621F} = {A480F0B9-1347-B38A-BE03-9D9674819676}
		{C8E42992-5E42-0C2B-DBFE-AA848D06431C} = {827E0CD3-B72D-47B6-A68D-7590B98EB39B}
		{08A0F39D-4064-4242-863C-0EA3ADBE2346} = {C8E42992-5E42-0C2B-DBFE-AA848D06431C}
		{F14D260A-EE7D-480F-9C52-1C584EA48F25} = {C8E42992-5E42-0C2B-DBFE-AA848D06431C}
		{A2FFA6CF-7246-4143-B64A-C98041A812FC} = {0AB3BF05-4346-4AA6-1389-037BE0695223}
	EndGlobalSection
EndGlobal
